
Microsoft Visual Studio Solution File, Format Version 12.00
# Visual Studio Version 16
VisualStudioVersion = 16.0.31729.503
MinimumVisualStudioVersion = 10.0.40219.1
Project("{9A19103F-16F7-4668-BE54-9A1E7A4F7556}") = "simple_demo.Module", "simple_demo.Module\simple_demo.Module.csproj", "{46C54E9C-65CE-4FD4-A369-F4DF847F9EC5}"
EndProject
Project("{9A19103F-16F7-4668-BE54-9A1E7A4F7556}") = "simple_demo.Module.Blazor", "simple_demo.Module.Blazor\simple_demo.Module.Blazor.csproj", "{70F61BA8-F7A6-4882-A59E-FAD35B90AE9D}"
EndProject
Project("{9A19103F-16F7-4668-BE54-9A1E7A4F7556}") = "simple_demo.Blazor.Server", "simple_demo.Blazor.Server\simple_demo.Blazor.Server.csproj", "{6B021718-4C8B-4D55-9A59-C92588B413B2}"
EndProject
Global
	GlobalSection(SolutionConfigurationPlatforms) = preSolution
		Debug|Any CPU = Debug|Any CPU
		EasyTest|Any CPU = EasyTest|Any CPU
		Release|Any CPU = Release|Any CPU
	EndGlobalSection
	GlobalSection(ProjectConfigurationPlatforms) = postSolution
		{46C54E9C-65CE-4FD4-A369-F4DF847F9EC5}.Debug|Any CPU.ActiveCfg = Debug|Any CPU
		{46C54E9C-65CE-4FD4-A369-F4DF847F9EC5}.Debug|Any CPU.Build.0 = Debug|Any CPU
		{46C54E9C-65CE-4FD4-A369-F4DF847F9EC5}.EasyTest|Any CPU.ActiveCfg = EasyTest|Any CPU
		{46C54E9C-65CE-4FD4-A369-F4DF847F9EC5}.EasyTest|Any CPU.Build.0 = EasyTest|Any CPU
		{46C54E9C-65CE-4FD4-A369-F4DF847F9EC5}.Release|Any CPU.ActiveCfg = Release|Any CPU
		{46C54E9C-65CE-4FD4-A369-F4DF847F9EC5}.Release|Any CPU.Build.0 = Release|Any CPU
		{70F61BA8-F7A6-4882-A59E-FAD35B90AE9D}.Debug|Any CPU.ActiveCfg = Debug|Any CPU
		{70F61BA8-F7A6-4882-A59E-FAD35B90AE9D}.Debug|Any CPU.Build.0 = Debug|Any CPU
		{70F61BA8-F7A6-4882-A59E-FAD35B90AE9D}.EasyTest|Any CPU.ActiveCfg = EasyTest|Any CPU
		{70F61BA8-F7A6-4882-A59E-FAD35B90AE9D}.EasyTest|Any CPU.Build.0 = EasyTest|Any CPU
		{70F61BA8-F7A6-4882-A59E-FAD35B90AE9D}.Release|Any CPU.ActiveCfg = Release|Any CPU
		{70F61BA8-F7A6-4882-A59E-FAD35B90AE9D}.Release|Any CPU.Build.0 = Release|Any CPU
		{6B021718-4C8B-4D55-9A59-C92588B413B2}.Debug|Any CPU.ActiveCfg = Debug|Any CPU
		{6B021718-4C8B-4D55-9A59-C92588B413B2}.Debug|Any CPU.Build.0 = Debug|Any CPU
		{6B021718-4C8B-4D55-9A59-C92588B413B2}.EasyTest|Any CPU.ActiveCfg = EasyTest|Any CPU
		{6B021718-4C8B-4D55-9A59-C92588B413B2}.EasyTest|Any CPU.Build.0 = EasyTest|Any CPU
		{6B021718-4C8B-4D55-9A59-C92588B413B2}.Release|Any CPU.ActiveCfg = Release|Any CPU
		{6B021718-4C8B-4D55-9A59-C92588B413B2}.Release|Any CPU.Build.0 = Release|Any CPU
	EndGlobalSection
	GlobalSection(SolutionProperties) = preSolution
		HideSolutionNode = FALSE
	EndGlobalSection
	GlobalSection(ExtensibilityGlobals) = postSolution
		SolutionGuid = {80BE3038-E69E-4FA5-9E10-68B02E4A4E4C}
	EndGlobalSection
EndGlobal
